
Microsoft Visual Studio Solution File, Format Version 12.00
# Visual Studio 15
VisualStudioVersion = 15.0.26730.16
MinimumVisualStudioVersion = 10.0.40219.1
Project("{FAE04EC0-301F-11D3-BF4B-00C04F79EFBC}") = "finalDotNet", "finalDotNet\finalDotNet.csproj", "{3BE5F3A5-3961-4876-BE27-6D40BC19302F}"
EndProject
Global
	GlobalSection(SolutionConfigurationPlatforms) = preSolution
		Debug|Any CPU = Debug|Any CPU
		Release|Any CPU = Release|Any CPU
	EndGlobalSection
	GlobalSection(ProjectConfigurationPlatforms) = postSolution
		{3BE5F3A5-3961-4876-BE27-6D40BC19302F}.Debug|Any CPU.ActiveCfg = Debug|Any CPU
		{3BE5F3A5-3961-4876-BE27-6D40BC19302F}.Debug|Any CPU.Build.0 = Debug|Any CPU
		{3BE5F3A5-3961-4876-BE27-6D40BC19302F}.Release|Any CPU.ActiveCfg = Release|Any CPU
		{3BE5F3A5-3961-4876-BE27-6D40BC19302F}.Release|Any CPU.Build.0 = Release|Any CPU
	EndGlobalSection
	GlobalSection(SolutionProperties) = preSolution
		HideSolutionNode = FALSE
	EndGlobalSection
	GlobalSection(ExtensibilityGlobals) = postSolution
		SolutionGuid = {CD8F4FC8-D860-4F36-A6DC-3AE250597E88}
	EndGlobalSection
EndGlobal
